
Microsoft Visual Studio Solution File, Format Version 12.00
# Visual Studio Version 17
VisualStudioVersion = 17.5.002.0
MinimumVisualStudioVersion = 10.0.40219.1
Project("{9A19103F-16F7-4668-BE54-9A1E7A4F7556}") = "BethanysPieShop.API", "BethanysPieShop.API.csproj", "{08D9B3A3-4CB6-4822-951F-CB4DD9E42713}"
EndProject
Global
	GlobalSection(SolutionConfigurationPlatforms) = preSolution
		Debug|Any CPU = Debug|Any CPU
		Release|Any CPU = Release|Any CPU
	EndGlobalSection
	GlobalSection(ProjectConfigurationPlatforms) = postSolution
		{08D9B3A3-4CB6-4822-951F-CB4DD9E42713}.Debug|Any CPU.ActiveCfg = Debug|Any CPU
		{08D9B3A3-4CB6-4822-951F-CB4DD9E42713}.Debug|Any CPU.Build.0 = Debug|Any CPU
		{08D9B3A3-4CB6-4822-951F-CB4DD9E42713}.Release|Any CPU.ActiveCfg = Release|Any CPU
		{08D9B3A3-4CB6-4822-951F-CB4DD9E42713}.Release|Any CPU.Build.0 = Release|Any CPU
	EndGlobalSection
	GlobalSection(SolutionProperties) = preSolution
		HideSolutionNode = FALSE
	EndGlobalSection
	GlobalSection(ExtensibilityGlobals) = postSolution
		SolutionGuid = {A71354F9-1C1C-4160-BF11-8BCFFE7ED650}
	EndGlobalSection
EndGlobal
