
Microsoft Visual Studio Solution File, Format Version 12.00
# Visual Studio Version 17
VisualStudioVersion = 17.5.002.0
MinimumVisualStudioVersion = 10.0.40219.1
Project("{9A19103F-16F7-4668-BE54-9A1E7A4F7556}") = "BethanysPieShop.Mobile", "BethanysPieShop.Mobile.csproj", "{EF6271A4-2ED6-4CEA-A451-EC04AC8A79AA}"
EndProject
Global
	GlobalSection(SolutionConfigurationPlatforms) = preSolution
		Debug|Any CPU = Debug|Any CPU
		Release|Any CPU = Release|Any CPU
	EndGlobalSection
	GlobalSection(ProjectConfigurationPlatforms) = postSolution
		{EF6271A4-2ED6-4CEA-A451-EC04AC8A79AA}.Debug|Any CPU.ActiveCfg = Debug|Any CPU
		{EF6271A4-2ED6-4CEA-A451-EC04AC8A79AA}.Debug|Any CPU.Build.0 = Debug|Any CPU
		{EF6271A4-2ED6-4CEA-A451-EC04AC8A79AA}.Release|Any CPU.ActiveCfg = Release|Any CPU
		{EF6271A4-2ED6-4CEA-A451-EC04AC8A79AA}.Release|Any CPU.Build.0 = Release|Any CPU
	EndGlobalSection
	GlobalSection(SolutionProperties) = preSolution
		HideSolutionNode = FALSE
	EndGlobalSection
	GlobalSection(ExtensibilityGlobals) = postSolution
		SolutionGuid = {6A8E138B-9A49-4947-94B9-D5050C1E29C6}
	EndGlobalSection
EndGlobal
