
Microsoft Visual Studio Solution File, Format Version 12.00
# Visual Studio Version 17
VisualStudioVersion = 17.8.34330.188
MinimumVisualStudioVersion = 10.0.40219.1
Project("{9A19103F-16F7-4668-BE54-9A1E7A4F7556}") = "BethanysPieShop.Mobile", "BethanysPieShop.Mobile\BethanysPieShop.Mobile.csproj", "{0CDAB8B9-9138-4D91-BE5C-F0D7DB68FCCD}"
EndProject
Project("{9A19103F-16F7-4668-BE54-9A1E7A4F7556}") = "BethanysPieShop.API", "BethanysPieShop.API\BethanysPieShop.API.csproj", "{9A083CA4-4E7E-4A60-AD9A-F2CC2EE6675D}"
EndProject
Global
	GlobalSection(SolutionConfigurationPlatforms) = preSolution
		Debug|Any CPU = Debug|Any CPU
		Release|Any CPU = Release|Any CPU
	EndGlobalSection
	GlobalSection(ProjectConfigurationPlatforms) = postSolution
		{0CDAB8B9-9138-4D91-BE5C-F0D7DB68FCCD}.Debug|Any CPU.ActiveCfg = Debug|Any CPU
		{0CDAB8B9-9138-4D91-BE5C-F0D7DB68FCCD}.Debug|Any CPU.Build.0 = Debug|Any CPU
		{0CDAB8B9-9138-4D91-BE5C-F0D7DB68FCCD}.Debug|Any CPU.Deploy.0 = Debug|Any CPU
		{0CDAB8B9-9138-4D91-BE5C-F0D7DB68FCCD}.Release|Any CPU.ActiveCfg = Release|Any CPU
		{0CDAB8B9-9138-4D91-BE5C-F0D7DB68FCCD}.Release|Any CPU.Build.0 = Release|Any CPU
		{9A083CA4-4E7E-4A60-AD9A-F2CC2EE6675D}.Debug|Any CPU.ActiveCfg = Debug|Any CPU
		{9A083CA4-4E7E-4A60-AD9A-F2CC2EE6675D}.Debug|Any CPU.Build.0 = Debug|Any CPU
		{9A083CA4-4E7E-4A60-AD9A-F2CC2EE6675D}.Release|Any CPU.ActiveCfg = Release|Any CPU
		{9A083CA4-4E7E-4A60-AD9A-F2CC2EE6675D}.Release|Any CPU.Build.0 = Release|Any CPU
	EndGlobalSection
	GlobalSection(SolutionProperties) = preSolution
		HideSolutionNode = FALSE
	EndGlobalSection
EndGlobal
